{
  "version": 4,
  "terraform_version": "1.15.6",
  "serial": 20,
  "lineage": "480cce3f-5a0c-6a61-f31e-cfd42a1b193d",
  "outputs": {
    "backend_config": {
      "value": "terraform {\n  backend \"gcs\" {\n    bucket = \"joshrobbinsuk-tf-state\" # shared bucket, managed by gcp/state\n    prefix = \"\u003capp\u003e/\u003cenv\u003e\"\n  }\n}\n",
      "type": "string"
    },
    "deployer_service_account_email": {
      "value": "gh-actions-deployer@526938691325.iam.gserviceaccount.com",
      "type": "string"
    },
    "github_actions_auth": {
      "value": "- uses: google-github-actions/auth@v2\n  with:\n    workload_identity_provider: \"projects/526938691325/locations/global/workloadIdentityPools/github-pool/providers/github-provider\"\n    service_account: \"gh-actions-deployer@526938691325.iam.gserviceaccount.com\"\n",
      "type": "string"
    },
    "workload_identity_provider": {
      "value": "projects/526938691325/locations/global/workloadIdentityPools/github-pool/providers/github-provider",
      "type": "string"
    }
  },
  "resources": [
    {
      "mode": "managed",
      "type": "google_iam_workload_identity_pool",
      "name": "github",
      "provider": "provider[\"registry.terraform.io/hashicorp/google\"]",
      "instances": [
        {
          "schema_version": 0,
          "attributes": {
            "description": "OIDC pool for GitHub Actions deploys",
            "disabled": false,
            "display_name": "GitHub Actions",
            "id": "projects/526938691325/locations/global/workloadIdentityPools/github-pool",
            "name": "projects/526938691325/locations/global/workloadIdentityPools/github-pool",
            "project": "526938691325",
            "state": "ACTIVE",
            "timeouts": null,
            "workload_identity_pool_id": "github-pool"
          },
          "sensitive_attributes": [],
          "identity_schema_version": 0,
          "private": "eyJlMmJmYjczMC1lY2FhLTExZTYtOGY4OC0zNDM2M2JjN2M0YzAiOnsiY3JlYXRlIjoxMjAwMDAwMDAwMDAwLCJkZWxldGUiOjEyMDAwMDAwMDAwMDAsInVwZGF0ZSI6MTIwMDAwMDAwMDAwMH19",
          "dependencies": [
            "google_project_service.enabled"
          ]
        }
      ]
    },
    {
      "mode": "managed",
      "type": "google_iam_workload_identity_pool_provider",
      "name": "github",
      "provider": "provider[\"registry.terraform.io/hashicorp/google\"]",
      "instances": [
        {
          "schema_version": 0,
          "attributes": {
            "attribute_condition": "assertion.repository == \"joshrobbinsuk/brokelads_cloud\" \u0026\u0026 assertion.ref == \"refs/heads/dev\"",
            "attribute_mapping": {
              "attribute.ref": "assertion.ref",
              "attribute.repository": "assertion.repository",
              "google.subject": "assertion.sub"
            },
            "aws": [],
            "description": "",
            "disabled": false,
            "display_name": "GitHub OIDC",
            "id": "projects/526938691325/locations/global/workloadIdentityPools/github-pool/providers/github-provider",
            "name": "projects/526938691325/locations/global/workloadIdentityPools/github-pool/providers/github-provider",
            "oidc": [
              {
                "allowed_audiences": [],
                "issuer_uri": "https://token.actions.githubusercontent.com",
                "jwks_json": ""
              }
            ],
            "project": "526938691325",
            "saml": [],
            "state": "ACTIVE",
            "timeouts": null,
            "workload_identity_pool_id": "github-pool",
            "workload_identity_pool_provider_id": "github-provider",
            "x509": []
          },
          "sensitive_attributes": [],
          "identity_schema_version": 0,
          "private": "eyJlMmJmYjczMC1lY2FhLTExZTYtOGY4OC0zNDM2M2JjN2M0YzAiOnsiY3JlYXRlIjoxMjAwMDAwMDAwMDAwLCJkZWxldGUiOjEyMDAwMDAwMDAwMDAsInVwZGF0ZSI6MTIwMDAwMDAwMDAwMH19",
          "dependencies": [
            "google_iam_workload_identity_pool.github",
            "google_project_service.enabled"
          ]
        }
      ]
    },
    {
      "mode": "managed",
      "type": "google_project_iam_member",
      "name": "deployer",
      "provider": "provider[\"registry.terraform.io/hashicorp/google\"]",
      "instances": [
        {
          "schema_version": 0,
          "attributes": {
            "condition": [],
            "etag": "BwZWf3YQBLg=",
            "id": "526938691325/roles/owner/serviceAccount:gh-actions-deployer@526938691325.iam.gserviceaccount.com",
            "member": "serviceAccount:gh-actions-deployer@526938691325.iam.gserviceaccount.com",
            "project": "526938691325",
            "role": "roles/owner"
          },
          "sensitive_attributes": [],
          "identity_schema_version": 0,
          "private": "bnVsbA==",
          "dependencies": [
            "google_project_service.enabled",
            "google_service_account.deployer"
          ]
        }
      ]
    },
    {
      "mode": "managed",
      "type": "google_project_service",
      "name": "enabled",
      "provider": "provider[\"registry.terraform.io/hashicorp/google\"]",
      "instances": [
        {
          "index_key": "iam.googleapis.com",
          "schema_version": 0,
          "attributes": {
            "disable_dependent_services": null,
            "disable_on_destroy": false,
            "id": "526938691325/iam.googleapis.com",
            "project": "526938691325",
            "service": "iam.googleapis.com",
            "timeouts": null
          },
          "sensitive_attributes": [],
          "identity_schema_version": 0,
          "private": "eyJlMmJmYjczMC1lY2FhLTExZTYtOGY4OC0zNDM2M2JjN2M0YzAiOnsiY3JlYXRlIjoxMjAwMDAwMDAwMDAwLCJkZWxldGUiOjEyMDAwMDAwMDAwMDAsInJlYWQiOjYwMDAwMDAwMDAwMCwidXBkYXRlIjoxMjAwMDAwMDAwMDAwfX0="
        },
        {
          "index_key": "iamcredentials.googleapis.com",
          "schema_version": 0,
          "attributes": {
            "disable_dependent_services": null,
            "disable_on_destroy": false,
            "id": "526938691325/iamcredentials.googleapis.com",
            "project": "526938691325",
            "service": "iamcredentials.googleapis.com",
            "timeouts": null
          },
          "sensitive_attributes": [],
          "identity_schema_version": 0,
          "private": "eyJlMmJmYjczMC1lY2FhLTExZTYtOGY4OC0zNDM2M2JjN2M0YzAiOnsiY3JlYXRlIjoxMjAwMDAwMDAwMDAwLCJkZWxldGUiOjEyMDAwMDAwMDAwMDAsInJlYWQiOjYwMDAwMDAwMDAwMCwidXBkYXRlIjoxMjAwMDAwMDAwMDAwfX0="
        },
        {
          "index_key": "storage.googleapis.com",
          "schema_version": 0,
          "attributes": {
            "disable_dependent_services": null,
            "disable_on_destroy": false,
            "id": "526938691325/storage.googleapis.com",
            "project": "526938691325",
            "service": "storage.googleapis.com",
            "timeouts": null
          },
          "sensitive_attributes": [],
          "identity_schema_version": 0,
          "private": "eyJlMmJmYjczMC1lY2FhLTExZTYtOGY4OC0zNDM2M2JjN2M0YzAiOnsiY3JlYXRlIjoxMjAwMDAwMDAwMDAwLCJkZWxldGUiOjEyMDAwMDAwMDAwMDAsInJlYWQiOjYwMDAwMDAwMDAwMCwidXBkYXRlIjoxMjAwMDAwMDAwMDAwfX0="
        },
        {
          "index_key": "sts.googleapis.com",
          "schema_version": 0,
          "attributes": {
            "disable_dependent_services": null,
            "disable_on_destroy": false,
            "id": "526938691325/sts.googleapis.com",
            "project": "526938691325",
            "service": "sts.googleapis.com",
            "timeouts": null
          },
          "sensitive_attributes": [],
          "identity_schema_version": 0,
          "private": "eyJlMmJmYjczMC1lY2FhLTExZTYtOGY4OC0zNDM2M2JjN2M0YzAiOnsiY3JlYXRlIjoxMjAwMDAwMDAwMDAwLCJkZWxldGUiOjEyMDAwMDAwMDAwMDAsInJlYWQiOjYwMDAwMDAwMDAwMCwidXBkYXRlIjoxMjAwMDAwMDAwMDAwfX0="
        }
      ]
    },
    {
      "mode": "managed",
      "type": "google_service_account",
      "name": "deployer",
      "provider": "provider[\"registry.terraform.io/hashicorp/google\"]",
      "instances": [
        {
          "schema_version": 0,
          "attributes": {
            "account_id": "gh-actions-deployer",
            "create_ignore_already_exists": null,
            "description": "",
            "disabled": false,
            "display_name": "GitHub Actions deployer (joshrobbinsuk/brokelads_cloud)",
            "email": "gh-actions-deployer@526938691325.iam.gserviceaccount.com",
            "id": "projects/brokelads/serviceAccounts/gh-actions-deployer@526938691325.iam.gserviceaccount.com",
            "member": "serviceAccount:gh-actions-deployer@526938691325.iam.gserviceaccount.com",
            "name": "projects/brokelads/serviceAccounts/gh-actions-deployer@526938691325.iam.gserviceaccount.com",
            "project": "brokelads",
            "timeouts": null,
            "unique_id": "102287820810627713573"
          },
          "sensitive_attributes": [],
          "identity_schema_version": 0,
          "private": "eyJlMmJmYjczMC1lY2FhLTExZTYtOGY4OC0zNDM2M2JjN2M0YzAiOnsiY3JlYXRlIjozMDAwMDAwMDAwMDB9fQ==",
          "dependencies": [
            "google_project_service.enabled"
          ]
        }
      ]
    },
    {
      "mode": "managed",
      "type": "google_service_account_iam_member",
      "name": "wif_impersonation",
      "provider": "provider[\"registry.terraform.io/hashicorp/google\"]",
      "instances": [
        {
          "schema_version": 0,
          "attributes": {
            "condition": [],
            "etag": "BwZWLAE6REw=",
            "id": "projects/brokelads/serviceAccounts/gh-actions-deployer@526938691325.iam.gserviceaccount.com/roles/iam.workloadIdentityUser/principalSet://iam.googleapis.com/projects/526938691325/locations/global/workloadIdentityPools/github-pool/attribute.repository/joshrobbinsuk/brokelads_cloud",
            "member": "principalSet://iam.googleapis.com/projects/526938691325/locations/global/workloadIdentityPools/github-pool/attribute.repository/joshrobbinsuk/brokelads_cloud",
            "role": "roles/iam.workloadIdentityUser",
            "service_account_id": "projects/brokelads/serviceAccounts/gh-actions-deployer@526938691325.iam.gserviceaccount.com"
          },
          "sensitive_attributes": [],
          "identity_schema_version": 0,
          "private": "bnVsbA==",
          "dependencies": [
            "google_iam_workload_identity_pool.github",
            "google_project_service.enabled",
            "google_service_account.deployer"
          ]
        }
      ]
    }
  ],
  "check_results": null
}
